// !$*UTF8*$!
{
	archiveVersion = 1;
	classes = {
	};
	objectVersion = 46;
	objects = {

/* Begin PBXBuildFile section */
		3E0E31B81AF8A5DC00A4FF6F /* Images.xcassets in Resources */ = {isa = PBXBuildFile; fileRef = 3E0E31B71AF8A5DC00A4FF6F /* Images.xcassets */; };
		3E4A1BCD1AEF6B2D006A4462 /* AppDelegate.swift in Sources */ = {isa = PBXBuildFile; fileRef = 3E4A1BCC1AEF6B2D006A4462 /* AppDelegate.swift */; };
		3E4A1BCF1AEF6B2D006A4462 /* ViewController.swift in Sources */ = {isa = PBXBuildFile; fileRef = 3E4A1BCE1AEF6B2D006A4462 /* ViewController.swift */; };
		3E4A1BD21AEF6B2D006A4462 /* Main.storyboard in Resources */ = {isa = PBXBuildFile; fileRef = 3E4A1BD01AEF6B2D006A4462 /* Main.storyboard */; };
		3E4A1BD71AEF6B2D006A4462 /* LaunchScreen.xib in Resources */ = {isa = PBXBuildFile; fileRef = 3E4A1BD51AEF6B2D006A4462 /* LaunchScreen.xib */; };
		3E4A1BE31AEF6B2D006A4462 /* wechatTests.swift in Sources */ = {isa = PBXBuildFile; fileRef = 3E4A1BE21AEF6B2D006A4462 /* wechatTests.swift */; };
/* End PBXBuildFile section */

/* Begin PBXContainerItemProxy section */
		3E4A1BDD1AEF6B2D006A4462 /* PBXContainerItemProxy */ = {
			isa = PBXContainerItemProxy;
			containerPortal = 3E4A1BBF1AEF6B2D006A4462 /* Project object */;
			proxyType = 1;
			remoteGlobalIDString = 3E4A1BC61AEF6B2D006A4462;
			remoteInfo = wechat;
		};
/* End PBXContainerItemProxy section */

/* Begin PBXFileReference section */
		3E0E31B71AF8A5DC00A4FF6F /* Images.xcassets */ = {isa = PBXFileReference; lastKnownFileType = folder.assetcatalog; path = Images.xcassets; sourceTree = "<group>"; };
		3E4A1BC71AEF6B2D006A4462 /* wechat.app */ = {isa = PBXFileReference; explicitFileType = wrapper.application; includeInIndex = 0; path = wechat.app; sourceTree = BUILT_PRODUCTS_DIR; };
		3E4A1BCB1AEF6B2D006A4462 /* Info.plist */ = {isa = PBXFileReference; lastKnownFileType = text.plist.xml; path = Info.plist; sourceTree = "<group>"; };
		3E4A1BCC1AEF6B2D006A4462 /* AppDelegate.swift */ = {isa = PBXFileReference; lastKnownFileType = sourcecode.swift; path = AppDelegate.swift; sourceTree = "<group>"; };
		3E4A1BCE1AEF6B2D006A4462 /* ViewController.swift */ = {isa = PBXFileReference; lastKnownFileType = sourcecode.swift; path = ViewController.swift; sourceTree = "<group>"; };
		3E4A1BD11AEF6B2D006A4462 /* Base */ = {isa = PBXFileReference; lastKnownFileType = file.storyboard; name = Base; path = Base.lproj/Main.storyboard; sourceTree = "<group>"; };
		3E4A1BD61AEF6B2D006A4462 /* Base */ = {isa = PBXFileReference; lastKnownFileType = file.xib; name = Base; path = Base.lproj/LaunchScreen.xib; sourceTree = "<group>"; };
		3E4A1BDC1AEF6B2D006A4462 /* wechatTests.xctest */ = {isa = PBXFileReference; explicitFileType = wrapper.cfbundle; includeInIndex = 0; path = wechatTests.xctest; sourceTree = BUILT_PRODUCTS_DIR; };
		3E4A1BE11AEF6B2D006A4462 /* Info.plist */ = {isa = PBXFileReference; lastKnownFileType = text.plist.xml; path = Info.plist; sourceTree = "<group>"; };
		3E4A1BE21AEF6B2D006A4462 /* wechatTests.swift */ = {isa = PBXFileReference; lastKnownFileType = sourcecode.swift; path = wechatTests.swift; sourceTree = "<group>"; };
/* End PBXFileReference section */

/* Begin PBXFrameworksBuildPhase section */
		3E4A1BC41AEF6B2D006A4462 /* Frameworks */ = {
			isa = PBXFrameworksBuildPhase;
			buildActionMask = 2147483647;
			files = (
			);
			runOnlyForDeploymentPostprocessing = 0;
		};
		3E4A1BD91AEF6B2D006A4462 /* Frameworks */ = {
			isa = PBXFrameworksBuildPhase;
			buildActionMask = 2147483647;
			files = (
			);
			runOnlyForDeploymentPostprocessing = 0;
		};
/* End PBXFrameworksBuildPhase section */

/* Begin PBXGroup section */
		3E4A1BBE1AEF6B2D006A4462 = {
			isa = PBXGroup;
			children = (
				3E4A1BC91AEF6B2D006A4462 /* wechat */,
				3E4A1BDF1AEF6B2D006A4462 /* wechatTests */,
				3E4A1BC81AEF6B2D006A4462 /* Products */,
			);
			sourceTree = "<group>";
		};
		3E4A1BC81AEF6B2D006A4462 /* Products */ = {
			isa = PBXGroup;
			children = (
				3E4A1BC71AEF6B2D006A4462 /* wechat.app */,
				3E4A1BDC1AEF6B2D006A4462 /* wechatTests.xctest */,
			);
			name = Products;
			sourceTree = "<group>";
		};
		3E4A1BC91AEF6B2D006A4462 /* wechat */ = {
			isa = PBXGroup;
			children = (
				3E4A1BCC1AEF6B2D006A4462 /* AppDelegate.swift */,
				3E4A1BCE1AEF6B2D006A4462 /* ViewController.swift */,
				3E4A1BD01AEF6B2D006A4462 /* Main.storyboard */,
				3E0E31B71AF8A5DC00A4FF6F /* Images.xcassets */,
				3E4A1BD51AEF6B2D006A4462 /* LaunchScreen.xib */,
				3E4A1BCA1AEF6B2D006A4462 /* Supporting Files */,
			);
			path = wechat;
			sourceTree = "<group>";
		};
		3E4A1BCA1AEF6B2D006A4462 /* Supporting Files */ = {
			isa = PBXGroup;
			children = (
				3E4A1BCB1AEF6B2D006A4462 /* Info.plist */,
			);
			name = "Supporting Files";
			sourceTree = "<group>";
		};
		3E4A1BDF1AEF6B2D006A4462 /* wechatTests */ = {
			isa = PBXGroup;
			children = (
				3E4A1BE21AEF6B2D006A4462 /* wechatTests.swift */,
				3E4A1BE01AEF6B2D006A4462 /* Supporting Files */,
			);
			path = wechatTests;
			sourceTree = "<group>";
		};
		3E4A1BE01AEF6B2D006A4462 /* Supporting Files */ = {
			isa = PBXGroup;
			children = (
				3E4A1BE11AEF6B2D006A4462 /* Info.plist */,
			);
			name = "Supporting Files";
			sourceTree = "<group>";
		};
/* End PBXGroup section */

/* Begin PBXNativeTarget section */
		3E4A1BC61AEF6B2D006A4462 /* wechat */ = {
			isa = PBXNativeTarget;
			buildConfigurationList = 3E4A1BE61AEF6B2D006A4462 /* Build configuration list for PBXNativeTarget "wechat" */;
			buildPhases = (
				3E4A1BC31AEF6B2D006A4462 /* Sources */,
				3E4A1BC41AEF6B2D006A4462 /* Frameworks */,
				3E4A1BC51AEF6B2D006A4462 /* Resources */,
			);
			buildRules = (
			);
			dependencies = (
			);
			name = wechat;
			productName = wechat;
			productReference = 3E4A1BC71AEF6B2D006A4462 /* wechat.app */;
			productType = "com.apple.product-type.application";
		};
		3E4A1BDB1AEF6B2D006A4462 /* wechatTests */ = {
			isa = PBXNativeTarget;
			buildConfigurationList = 3E4A1BE91AEF6B2D006A4462 /* Build configuration list for PBXNativeTarget "wechatTests" */;
			buildPhases = (
				3E4A1BD81AEF6B2D006A4462 /* Sources */,
				3E4A1BD91AEF6B2D006A4462 /* Frameworks */,
				3E4A1BDA1AEF6B2D006A4462 /* Resources */,
			);
			buildRules = (
			);
			dependencies = (
				3E4A1BDE1AEF6B2D006A4462 /* PBXTargetDependency */,
			);
			name = wechatTests;
			productName = wechatTests;
			productReference = 3E4A1BDC1AEF6B2D006A4462 /* wechatTests.xctest */;
			productType = "com.apple.product-type.bundle.unit-test";
		};
/* End PBXNativeTarget section */

/* Begin PBXProject section */
		3E4A1BBF1AEF6B2D006A4462 /* Project object */ = {
			isa = PBXProject;
			attributes = {
				LastUpgradeCheck = 0630;
				ORGANIZATIONNAME = "苏小贱";
				TargetAttributes = {
					3E4A1BC61AEF6B2D006A4462 = {
						CreatedOnToolsVersion = 6.3;
					};
					3E4A1BDB1AEF6B2D006A4462 = {
						CreatedOnToolsVersion = 6.3;
						TestTargetID = 3E4A1BC61AEF6B2D006A4462;
					};
				};
			};
			buildConfigurationList = 3E4A1BC21AEF6B2D006A4462 /* Build configuration list for PBXProject "wechat" */;
			compatibilityVersion = "Xcode 3.2";
			developmentRegion = English;
			hasScannedForEncodings = 0;
			knownRegions = (
				en,
				Base,
			);
			mainGroup = 3E4A1BBE1AEF6B2D006A4462;
			productRefGroup = 3E4A1BC81AEF6B2D006A4462 /* Products */;
			projectDirPath = "";
			projectRoot = "";
			targets = (
				3E4A1BC61AEF6B2D006A4462 /* wechat */,
				3E4A1BDB1AEF6B2D006A4462 /* wechatTests */,
			);
		};
/* End PBXProject section */

/* Begin PBXResourcesBuildPhase section */
		3E4A1BC51AEF6B2D006A4462 /* Resources */ = {
			isa = PBXResourcesBuildPhase;
			buildActionMask = 2147483647;
			files = (
				3E0E31B81AF8A5DC00A4FF6F /* Images.xcassets in Resources */,
				3E4A1BD21AEF6B2D006A4462 /* Main.storyboard in Resources */,
				3E4A1BD71AEF6B2D006A4462 /* LaunchScreen.xib in Resources */,
			);
			runOnlyForDeploymentPostprocessing = 0;
		};
		3E4A1BDA1AEF6B2D006A4462 /* Resources */ = {
			isa = PBXResourcesBuildPhase;
			buildActionMask = 2147483647;
			files = (
			);
			runOnlyForDeploymentPostprocessing = 0;
		};
/* End PBXResourcesBuildPhase section */

/* Begin PBXSourcesBuildPhase section */
		3E4A1BC31AEF6B2D006A4462 /* Sources */ = {
			isa = PBXSourcesBuildPhase;
			buildActionMask = 2147483647;
			files = (
				3E4A1BCF1AEF6B2D006A4462 /* ViewController.swift in Sources */,
				3E4A1BCD1AEF6B2D006A4462 /* AppDelegate.swift in Sources */,
			);
			runOnlyForDeploymentPostprocessing = 0;
		};
		3E4A1BD81AEF6B2D006A4462 /* Sources */ = {
			isa = PBXSourcesBuildPhase;
			buildActionMask = 2147483647;
			files = (
				3E4A1BE31AEF6B2D006A4462 /* wechatTests.swift in Sources */,
			);
			runOnlyForDeploymentPostprocessing = 0;
		};
/* End PBXSourcesBuildPhase section */

/* Begin PBXTargetDependency section */
		3E4A1BDE1AEF6B2D006A4462 /* PBXTargetDependency */ = {
			isa = PBXTargetDependency;
			target = 3E4A1BC61AEF6B2D006A4462 /* wechat */;
			targetProxy = 3E4A1BDD1AEF6B2D006A4462 /* PBXContainerItemProxy */;
		};
/* End PBXTargetDependency section */

/* Begin PBXVariantGroup section */
		3E4A1BD01AEF6B2D006A4462 /* Main.storyboard */ = {
			isa = PBXVariantGroup;
			children = (
				3E4A1BD11AEF6B2D006A4462 /* Base */,
			);
			name = Main.storyboard;
			sourceTree = "<group>";
		};
		3E4A1BD51AEF6B2D006A4462 /* LaunchScreen.xib */ = {
			isa = PBXVariantGroup;
			children = (
				3E4A1BD61AEF6B2D006A4462 /* Base */,
			);
			name = LaunchScreen.xib;
			sourceTree = "<group>";
		};
/* End PBXVariantGroup section */

/* Begin XCBuildConfiguration section */
		3E4A1BE41AEF6B2D006A4462 /* Debug */ = {
			isa = XCBuildConfiguration;
			buildSettings = {
				ALWAYS_SEARCH_USER_PATHS = NO;
				CLANG_CXX_LANGUAGE_STANDARD = "gnu++0x";
				CLANG_CXX_LIBRARY = "libc++";
				CLANG_ENABLE_MODULES = YES;
				CLANG_ENABLE_OBJC_ARC = YES;
				CLANG_WARN_BOOL_CONVERSION = YES;
				CLANG_WARN_CONSTANT_CONVERSION = YES;
				CLANG_WARN_DIRECT_OBJC_ISA_USAGE = YES_ERROR;
				CLANG_WARN_EMPTY_BODY = YES;
				CLANG_WARN_ENUM_CONVERSION = YES;
				CLANG_WARN_INT_CONVERSION = YES;
				CLANG_WARN_OBJC_ROOT_CLASS = YES_ERROR;
				CLANG_WARN_UNREACHABLE_CODE = YES;
				CLANG_WARN__DUPLICATE_METHOD_MATCH = YES;
				"CODE_SIGN_IDENTITY[sdk=iphoneos*]" = "iPhone Developer";
				COPY_PHASE_STRIP = NO;
				DEBUG_INFORMATION_FORMAT = "dwarf-with-dsym";
				ENABLE_STRICT_OBJC_MSGSEND = YES;
				GCC_C_LANGUAGE_STANDARD = gnu99;
				GCC_DYNAMIC_NO_PIC = NO;
				GCC_NO_COMMON_BLOCKS = YES;
				GCC_OPTIMIZATION_LEVEL = 0;
				GCC_PREPROCESSOR_DEFINITIONS = (
					"DEBUG=1",
					"$(inherited)",
				);
				GCC_SYMBOLS_PRIVATE_EXTERN = NO;
				GCC_WARN_64_TO_32_BIT_CONVERSION = YES;
				GCC_WARN_ABOUT_RETURN_TYPE = YES_ERROR;
				GCC_WARN_UNDECLARED_SELECTOR = YES;
				GCC_WARN_UNINITIALIZED_AUTOS = YES_AGGRESSIVE;
				GCC_WARN_UNUSED_FUNCTION = YES;
				GCC_WARN_UNUSED_VARIABLE = YES;
				IPHONEOS_DEPLOYMENT_TARGET = 8.3;
				MTL_ENABLE_DEBUG_INFO = YES;
				ONLY_ACTIVE_ARCH = YES;
				SDKROOT = iphoneos;
				SWIFT_OPTIMIZATION_LEVEL = "-Onone";
			};
			name = Debug;
		};
		3E4A1BE51AEF6B2D006A4462 /* Release */ = {
			isa = XCBuildConfiguration;
			buildSettings = {
				ALWAYS_SEARCH_USER_PATHS = NO;
				CLANG_CXX_LANGUAGE_STANDARD = "gnu++0x";
				CLANG_CXX_LIBRARY = "libc++";
				CLANG_ENABLE_MODULES = YES;
				CLANG_ENABLE_OBJC_ARC = YES;
				CLANG_WARN_BOOL_CONVERSION = YES;
				CLANG_WARN_CONSTANT_CONVERSION = YES;
				CLANG_WARN_DIRECT_OBJC_ISA_USAGE = YES_ERROR;
				CLANG_WARN_EMPTY_BODY = YES;
				CLANG_WARN_ENUM_CONVERSION = YES;
				CLANG_WARN_INT_CONVERSION = YES;
				CLANG_WARN_OBJC_ROOT_CLASS = YES_ERROR;
				CLANG_WARN_UNREACHABLE_CODE = YES;
				CLANG_WARN__DUPLICATE_METHOD_MATCH = YES;
				"CODE_SIGN_IDENTITY[sdk=iphoneos*]" = "iPhone Developer";
				COPY_PHASE_STRIP = NO;
				DEBUG_INFORMATION_FORMAT = "dwarf-with-dsym";
				ENABLE_NS_ASSERTIONS = NO;
				ENABLE_STRICT_OBJC_MSGSEND = YES;
				GCC_C_LANGUAGE_STANDARD = gnu99;
				GCC_NO_COMMON_BLOCKS = YES;
				GCC_WARN_64_TO_32_BIT_CONVERSION = YES;
				GCC_WARN_ABOUT_RETURN_TYPE = YES_ERROR;
				GCC_WARN_UNDECLARED_SELECTOR = YES;
				GCC_WARN_UNINITIALIZED_AUTOS = YES_AGGRESSIVE;
				GCC_WARN_UNUSED_FUNCTION = YES;
				GCC_WARN_UNUSED_VARIABLE = YES;
				IPHONEOS_DEPLOYMENT_TARGET = 8.3;
				MTL_ENABLE_DEBUG_INFO = NO;
				SDKROOT = iphoneos;
				VALIDATE_PRODUCT = YES;
			};
			name = Release;
		};
		3E4A1BE71AEF6B2D006A4462 /* Debug */ = {
			isa = XCBuildConfiguration;
			buildSettings = {
				ASSETCATALOG_COMPILER_APPICON_NAME = AppIcon;
				INFOPLIST_FILE = wechat/Info.plist;
				LD_RUNPATH_SEARCH_PATHS = "$(inherited) @executable_path/Frameworks";
				PRODUCT_NAME = "$(TARGET_NAME)";
			};
			name = Debug;
		};
		3E4A1BE81AEF6B2D006A4462 /* Release */ = {
			isa = XCBuildConfiguration;
			buildSettings = {
				ASSETCATALOG_COMPILER_APPICON_NAME = AppIcon;
				INFOPLIST_FILE = wechat/Info.plist;
				LD_RUNPATH_SEARCH_PATHS = "$(inherited) @executable_path/Frameworks";
				PRODUCT_NAME = "$(TARGET_NAME)";
			};
			name = Release;
		};
		3E4A1BEA1AEF6B2D006A4462 /* Debug */ = {
			isa = XCBuildConfiguration;
			buildSettings = {
				BUNDLE_LOADER = "$(TEST_HOST)";
				FRAMEWORK_SEARCH_PATHS = (
					"$(SDKROOT)/Developer/Library/Frameworks",
					"$(inherited)",
				);
				GCC_PREPROCESSOR_DEFINITIONS = (
					"DEBUG=1",
					"$(inherited)",
				);
				INFOPLIST_FILE = wechatTests/Info.plist;
				LD_RUNPATH_SEARCH_PATHS = "$(inherited) @executable_path/Frameworks @loader_path/Frameworks";
				PRODUCT_NAME = "$(TARGET_NAME)";
				TEST_HOST = "$(BUILT_PRODUCTS_DIR)/wechat.app/wechat";
			};
			name = Debug;
		};
		3E4A1BEB1AEF6B2D006A4462 /* Release */ = {
			isa = XCBuildConfiguration;
			buildSettings = {
				BUNDLE_LOADER = "$(TEST_HOST)";
				FRAMEWORK_SEARCH_PATHS = (
					"$(SDKROOT)/Developer/Library/Frameworks",
					"$(inherited)",
				);
				INFOPLIST_FILE = wechatTests/Info.plist;
				LD_RUNPATH_SEARCH_PATHS = "$(inherited) @executable_path/Frameworks @loader_path/Frameworks";
				PRODUCT_NAME = "$(TARGET_NAME)";
				TEST_HOST = "$(BUILT_PRODUCTS_DIR)/wechat.app/wechat";
			};
			name = Release;
		};
/* End XCBuildConfiguration section */

/* Begin XCConfigurationList section */
		3E4A1BC21AEF6B2D006A4462 /* Build configuration list for PBXProject "wechat" */ = {
			isa = XCConfigurationList;
			buildConfigurations = (
				3E4A1BE41AEF6B2D006A4462 /* Debug */,
				3E4A1BE51AEF6B2D006A4462 /* Release */,
			);
			defaultConfigurationIsVisible = 0;
			defaultConfigurationName = Release;
		};
		3E4A1BE61AEF6B2D006A4462 /* Build configuration list for PBXNativeTarget "wechat" */ = {
			isa = XCConfigurationList;
			buildConfigurations = (
				3E4A1BE71AEF6B2D006A4462 /* Debug */,
				3E4A1BE81AEF6B2D006A4462 /* Release */,
			);
			defaultConfigurationIsVisible = 0;
			defaultConfigurationName = Release;
		};
		3E4A1BE91AEF6B2D006A4462 /* Build configuration list for PBXNativeTarget "wechatTests" */ = {
			isa = XCConfigurationList;
			buildConfigurations = (
				3E4A1BEA1AEF6B2D006A4462 /* Debug */,
				3E4A1BEB1AEF6B2D006A4462 /* Release */,
			);
			defaultConfigurationIsVisible = 0;
			defaultConfigurationName = Release;
		};
/* End XCConfigurationList section */
	};
	rootObject = 3E4A1BBF1AEF6B2D006A4462 /* Project object */;
}
